
Microsoft Visual Studio Solution File, Format Version 12.00
# Visual Studio 15
VisualStudioVersion = 15.0.28010.0
MinimumVisualStudioVersion = 10.0.40219.1
Project("{FAE04EC0-301F-11D3-BF4B-00C04F79EFBC}") = "AvgMarks", "AvgMarks.csproj", "{58A2E2E8-156C-40E0-8E0C-E25E3D91E5BD}"
EndProject
Global
	GlobalSection(SolutionConfigurationPlatforms) = preSolution
		Debug|Any CPU = Debug|Any CPU
		Release|Any CPU = Release|Any CPU
	EndGlobalSection
	GlobalSection(ProjectConfigurationPlatforms) = postSolution
		{58A2E2E8-156C-40E0-8E0C-E25E3D91E5BD}.Debug|Any CPU.ActiveCfg = Debug|Any CPU
		{58A2E2E8-156C-40E0-8E0C-E25E3D91E5BD}.Debug|Any CPU.Build.0 = Debug|Any CPU
		{58A2E2E8-156C-40E0-8E0C-E25E3D91E5BD}.Release|Any CPU.ActiveCfg = Release|Any CPU
		{58A2E2E8-156C-40E0-8E0C-E25E3D91E5BD}.Release|Any CPU.Build.0 = Release|Any CPU
	EndGlobalSection
	GlobalSection(SolutionProperties) = preSolution
		HideSolutionNode = FALSE
	EndGlobalSection
	GlobalSection(ExtensibilityGlobals) = postSolution
		SolutionGuid = {309F2DFE-2524-45D3-8921-4AB68F241F53}
	EndGlobalSection
EndGlobal
