
Microsoft Visual Studio Solution File, Format Version 12.00
# Visual Studio 15
VisualStudioVersion = 15.0.28010.0
MinimumVisualStudioVersion = 10.0.40219.1
Project("{FAE04EC0-301F-11D3-BF4B-00C04F79EFBC}") = "WebDriverTest", "WebDriverTest\WebDriverTest.csproj", "{CC2187FC-B374-4C08-83FD-1A4BA3C0F96A}"
EndProject
Global
	GlobalSection(SolutionConfigurationPlatforms) = preSolution
		Debug|Any CPU = Debug|Any CPU
		Release|Any CPU = Release|Any CPU
	EndGlobalSection
	GlobalSection(ProjectConfigurationPlatforms) = postSolution
		{CC2187FC-B374-4C08-83FD-1A4BA3C0F96A}.Debug|Any CPU.ActiveCfg = Debug|Any CPU
		{CC2187FC-B374-4C08-83FD-1A4BA3C0F96A}.Debug|Any CPU.Build.0 = Debug|Any CPU
		{CC2187FC-B374-4C08-83FD-1A4BA3C0F96A}.Release|Any CPU.ActiveCfg = Release|Any CPU
		{CC2187FC-B374-4C08-83FD-1A4BA3C0F96A}.Release|Any CPU.Build.0 = Release|Any CPU
	EndGlobalSection
	GlobalSection(SolutionProperties) = preSolution
		HideSolutionNode = FALSE
	EndGlobalSection
	GlobalSection(ExtensibilityGlobals) = postSolution
		SolutionGuid = {85D8EADB-F82C-4499-AC46-729AEEFC696B}
	EndGlobalSection
EndGlobal
